
Microsoft Visual Studio Solution File, Format Version 12.00
# Visual Studio 14
VisualStudioVersion = 14.0.23107.0
MinimumVisualStudioVersion = 10.0.40219.1
Project("{FAE04EC0-301F-11D3-BF4B-00C04F79EFBC}") = "ComeBackMVC.Common", "ComeBackMVC.Common\ComeBackMVC.Common.csproj", "{8C9ACF98-CDF0-4569-9A3C-DD390639A6F2}"
EndProject
Project("{FAE04EC0-301F-11D3-BF4B-00C04F79EFBC}") = "ComeBackMVC.Data", "ComeBackMVC.Data\ComeBackMVC.Data.csproj", "{0B9CF4B2-4531-4202-9737-D4DD18887F6A}"
EndProject
Project("{FAE04EC0-301F-11D3-BF4B-00C04F79EFBC}") = "ComeBackMVC.Model", "ComeBackMVC.Model\ComeBackMVC.Model.csproj", "{C1A4EE71-FBE5-4E6D-BF95-695656B1D721}"
EndProject
Project("{FAE04EC0-301F-11D3-BF4B-00C04F79EFBC}") = "ComeBackMVC.Service", "ComeBackMVC.Service\ComeBackMVC.Service.csproj", "{00921803-53F5-4F67-9808-AA03F4273196}"
EndProject
Project("{FAE04EC0-301F-11D3-BF4B-00C04F79EFBC}") = "ComeBackMVC.UnitTest", "ComeBackMVC.UnitTest\ComeBackMVC.UnitTest.csproj", "{D6ACEC31-53DE-4BA6-A529-B0B60D230C80}"
EndProject
Project("{FAE04EC0-301F-11D3-BF4B-00C04F79EFBC}") = "ComeBackMVC.Web", "ComeBackMVC.Web\ComeBackMVC.Web.csproj", "{9628A30C-CE85-4767-AFCD-321631A796A3}"
EndProject
Global
	GlobalSection(SolutionConfigurationPlatforms) = preSolution
		Debug|Any CPU = Debug|Any CPU
		Release|Any CPU = Release|Any CPU
	EndGlobalSection
	GlobalSection(ProjectConfigurationPlatforms) = postSolution
		{8C9ACF98-CDF0-4569-9A3C-DD390639A6F2}.Debug|Any CPU.ActiveCfg = Debug|Any CPU
		{8C9ACF98-CDF0-4569-9A3C-DD390639A6F2}.Debug|Any CPU.Build.0 = Debug|Any CPU
		{8C9ACF98-CDF0-4569-9A3C-DD390639A6F2}.Release|Any CPU.ActiveCfg = Release|Any CPU
		{8C9ACF98-CDF0-4569-9A3C-DD390639A6F2}.Release|Any CPU.Build.0 = Release|Any CPU
		{0B9CF4B2-4531-4202-9737-D4DD18887F6A}.Debug|Any CPU.ActiveCfg = Debug|Any CPU
		{0B9CF4B2-4531-4202-9737-D4DD18887F6A}.Debug|Any CPU.Build.0 = Debug|Any CPU
		{0B9CF4B2-4531-4202-9737-D4DD18887F6A}.Release|Any CPU.ActiveCfg = Release|Any CPU
		{0B9CF4B2-4531-4202-9737-D4DD18887F6A}.Release|Any CPU.Build.0 = Release|Any CPU
		{C1A4EE71-FBE5-4E6D-BF95-695656B1D721}.Debug|Any CPU.ActiveCfg = Debug|Any CPU
		{C1A4EE71-FBE5-4E6D-BF95-695656B1D721}.Debug|Any CPU.Build.0 = Debug|Any CPU
		{C1A4EE71-FBE5-4E6D-BF95-695656B1D721}.Release|Any CPU.ActiveCfg = Release|Any CPU
		{C1A4EE71-FBE5-4E6D-BF95-695656B1D721}.Release|Any CPU.Build.0 = Release|Any CPU
		{00921803-53F5-4F67-9808-AA03F4273196}.Debug|Any CPU.ActiveCfg = Debug|Any CPU
		{00921803-53F5-4F67-9808-AA03F4273196}.Debug|Any CPU.Build.0 = Debug|Any CPU
		{00921803-53F5-4F67-9808-AA03F4273196}.Release|Any CPU.ActiveCfg = Release|Any CPU
		{00921803-53F5-4F67-9808-AA03F4273196}.Release|Any CPU.Build.0 = Release|Any CPU
		{D6ACEC31-53DE-4BA6-A529-B0B60D230C80}.Debug|Any CPU.ActiveCfg = Debug|Any CPU
		{D6ACEC31-53DE-4BA6-A529-B0B60D230C80}.Debug|Any CPU.Build.0 = Debug|Any CPU
		{D6ACEC31-53DE-4BA6-A529-B0B60D230C80}.Release|Any CPU.ActiveCfg = Release|Any CPU
		{D6ACEC31-53DE-4BA6-A529-B0B60D230C80}.Release|Any CPU.Build.0 = Release|Any CPU
		{9628A30C-CE85-4767-AFCD-321631A796A3}.Debug|Any CPU.ActiveCfg = Debug|Any CPU
		{9628A30C-CE85-4767-AFCD-321631A796A3}.Debug|Any CPU.Build.0 = Debug|Any CPU
		{9628A30C-CE85-4767-AFCD-321631A796A3}.Release|Any CPU.ActiveCfg = Release|Any CPU
		{9628A30C-CE85-4767-AFCD-321631A796A3}.Release|Any CPU.Build.0 = Release|Any CPU
	EndGlobalSection
	GlobalSection(SolutionProperties) = preSolution
		HideSolutionNode = FALSE
	EndGlobalSection
EndGlobal
